<?xml version="1.0" encoding="utf-8"?>
<Project ToolsVersion="4.0" xmlns="http://schemas.microsoft.com/developer/msbuild/2003">
  <ItemGroup>
    <Filter Include="Source Files">
      <UniqueIdentifier>{4FC737F1-C7A5-4376-A066-2A32D752A2FF}</UniqueIdentifier>
      <Extensions>cpp;c;cc;cxx;def;odl;idl;hpj;bat;asm;asmx</Extensions>
    </Filter>
    <Filter Include="Header Files">
      <UniqueIdentifier>{93995380-89BD-4b04-88EB-625FBE52EBFB}</UniqueIdentifier>
      <Extensions>h;hpp;hxx;hm;inl;inc;xsd</Extensions>
    </Filter>
    <Filter Include="Resource Files">
      <UniqueIdentifier>{67DA6AB6-F800-4c08-8B7A-83BB121AAD01}</UniqueIdentifier>
      <Extensions>rc;ico;cur;bmp;dlg;rc2;rct;bin;rgs;gif;jpg;jpeg;jpe;resx;tiff;tif;png;wav;mfcribbon-ms</Extensions>
    </Filter>
    <Filter Include="Shaders">
      <UniqueIdentifier>{8d4ab1fc-0723-467f-a068-3c65bfbe0e5d}</UniqueIdentifier>
    </Filter>
    <Filter Include="Header Files\Core">
      <UniqueIdentifier>{89d29409-9550-4316-acd2-b3bc73bdef5a}</UniqueIdentifier>
    </Filter>
    <Filter Include="Source Files\Core">
      <UniqueIdentifier>{27a6ecf3-d58e-4b41-93eb-9ad1c260f68a}</UniqueIdentifier>
    </Filter>
    <Filter Include="Header Files\SphereExample">
      <UniqueIdentifier>{09fc6f56-9729-497d-a36f-db478ef73c14}</UniqueIdentifier>
    </Filter>
    <Filter Include="Source Files\SphereClass">
      <UniqueIdentifier>{f34839c4-ec7c-4bc8-8d21-df7d43cabcbd}</UniqueIdentifier>
    </Filter>
    <Filter Include="Header Files\TriangleExample">
      <UniqueIdentifier>{a72f93bb-daf2-4333-a14e-a94bc3f4c549}</UniqueIdentifier>
    </Filter>
    <Filter Include="Source Files\TriangleExample">
      <UniqueIdentifier>{9451cef7-e0c6-4c24-9552-278b6a708c63}</UniqueIdentifier>
    </Filter>
  </ItemGroup>
  <ItemGroup>
    <ClCompile Include="BitmapClass.cpp">
      <Filter>Source Files\Core</Filter>
    </ClCompile>
    <ClCompile Include="VertexShaderClass.cpp">
      <Filter>Source Files\Core</Filter>
    </ClCompile>
    <ClCompile Include="CameraClass.cpp">
      <Filter>Source Files\Core</Filter>
    </ClCompile>
    <ClCompile Include="CameraManager.cpp">
      <Filter>Source Files\Core</Filter>
    </ClCompile>
    <ClCompile Include="ComputeShaderClass.cpp">
      <Filter>Source Files\Core</Filter>
    </ClCompile>
    <ClCompile Include="D3DClass.cpp">
      <Filter>Source Files\Core</Filter>
    </ClCompile>
    <ClCompile Include="EngineMain.cpp">
      <Filter>Source Files\Core</Filter>
    </ClCompile>
    <ClCompile Include="GeometryShaderClass.cpp">
      <Filter>Source Files\Core</Filter>
    </ClCompile>
    <ClCompile Include="GraphicsClass.cpp">
      <Filter>Source Files\Core</Filter>
    </ClCompile>
    <ClCompile Include="InputClass.cpp">
      <Filter>Source Files\Core</Filter>
    </ClCompile>
    <ClCompile Include="PixelShaderClass.cpp">
      <Filter>Source Files\Core</Filter>
    </ClCompile>
    <ClCompile Include="RenderObject.cpp">
      <Filter>Source Files\Core</Filter>
    </ClCompile>
    <ClCompile Include="RenderObjectManager.cpp">
      <Filter>Source Files\Core</Filter>
    </ClCompile>
    <ClCompile Include="ShaderClass.cpp">
      <Filter>Source Files\Core</Filter>
    </ClCompile>
    <ClCompile Include="ShaderManager.cpp">
      <Filter>Source Files\Core</Filter>
    </ClCompile>
    <ClCompile Include="SoundClass.cpp">
      <Filter>Source Files\Core</Filter>
    </ClCompile>
    <ClCompile Include="SystemClass.cpp">
      <Filter>Source Files\Core</Filter>
    </ClCompile>
    <ClCompile Include="TextureClass.cpp">
      <Filter>Source Files\Core</Filter>
    </ClCompile>
    <ClCompile Include="TextureManager.cpp">
      <Filter>Source Files\Core</Filter>
    </ClCompile>
    <ClCompile Include="ModelClass.cpp">
      <Filter>Source Files\Core</Filter>
    </ClCompile>
    <ClCompile Include="TokenStream.cpp">
      <Filter>Source Files\Core</Filter>
    </ClCompile>
    <ClCompile Include="ObjLoader.cpp">
      <Filter>Source Files\Core</Filter>
    </ClCompile>
    <ClCompile Include="ObjModelClass.cpp">
      <Filter>Source Files\Core</Filter>
    </ClCompile>
    <ClCompile Include="SphereVS.cpp">
      <Filter>Source Files\SphereClass</Filter>
    </ClCompile>
    <ClCompile Include="SpherePS.cpp">
      <Filter>Source Files\SphereClass</Filter>
    </ClCompile>
    <ClCompile Include="TestPS.cpp">
      <Filter>Source Files\TriangleExample</Filter>
    </ClCompile>
    <ClCompile Include="TriangleTest.cpp">
      <Filter>Source Files\TriangleExample</Filter>
    </ClCompile>
    <ClCompile Include="TestVS.cpp">
      <Filter>Source Files\TriangleExample</Filter>
    </ClCompile>
    <ClCompile Include="SphereTexture.cpp">
      <Filter>Source Files\SphereClass</Filter>
    </ClCompile>
    <ClCompile Include="SphereClass.cpp">
      <Filter>Source Files\SphereClass</Filter>
    </ClCompile>
  </ItemGroup>
  <ItemGroup>
    <ClInclude Include="BitmapClass.h">
      <Filter>Header Files\Core</Filter>
    </ClInclude>
    <ClInclude Include="VertexShaderClass.h">
      <Filter>Header Files\Core</Filter>
    </ClInclude>
    <ClInclude Include="CameraClass.h">
      <Filter>Header Files\Core</Filter>
    </ClInclude>
    <ClInclude Include="CameraManager.h">
      <Filter>Header Files\Core</Filter>
    </ClInclude>
    <ClInclude Include="ComputeShaderClass.h">
      <Filter>Header Files\Core</Filter>
    </ClInclude>
    <ClInclude Include="D3DClass.h">
      <Filter>Header Files\Core</Filter>
    </ClInclude>
    <ClInclude Include="GeometryShaderClass.h">
      <Filter>Header Files\Core</Filter>
    </ClInclude>
    <ClInclude Include="GraphicsClass.h">
      <Filter>Header Files\Core</Filter>
    </ClInclude>
    <ClInclude Include="InputClass.h">
      <Filter>Header Files\Core</Filter>
    </ClInclude>
    <ClInclude Include="PixelShaderClass.h">
      <Filter>Header Files\Core</Filter>
    </ClInclude>
    <ClInclude Include="RenderObject.h">
      <Filter>Header Files\Core</Filter>
    </ClInclude>
    <ClInclude Include="RenderObjectManager.h">
      <Filter>Header Files\Core</Filter>
    </ClInclude>
    <ClInclude Include="ShaderClass.h">
      <Filter>Header Files\Core</Filter>
    </ClInclude>
    <ClInclude Include="ShaderManager.h">
      <Filter>Header Files\Core</Filter>
    </ClInclude>
    <ClInclude Include="SoundClass.h">
      <Filter>Header Files\Core</Filter>
    </ClInclude>
    <ClInclude Include="Structures.h">
      <Filter>Header Files\Core</Filter>
    </ClInclude>
    <ClInclude Include="SystemClass.h">
      <Filter>Header Files\Core</Filter>
    </ClInclude>
    <ClInclude Include="TextureClass.h">
      <Filter>Header Files\Core</Filter>
    </ClInclude>
    <ClInclude Include="TextureManager.h">
      <Filter>Header Files\Core</Filter>
    </ClInclude>
    <ClInclude Include="ModelClass.h">
      <Filter>Header Files\Core</Filter>
    </ClInclude>
    <ClInclude Include="TokenStream.h">
      <Filter>Header Files\Core</Filter>
    </ClInclude>
    <ClInclude Include="ObjLoader.h">
      <Filter>Header Files\Core</Filter>
    </ClInclude>
    <ClInclude Include="ObjModelClass.h">
      <Filter>Header Files\Core</Filter>
    </ClInclude>
    <ClInclude Include="SphereVS.h">
      <Filter>Header Files\SphereExample</Filter>
    </ClInclude>
    <ClInclude Include="SpherePS.h">
      <Filter>Header Files\SphereExample</Filter>
    </ClInclude>
    <ClInclude Include="TestPS.h">
      <Filter>Header Files\TriangleExample</Filter>
    </ClInclude>
    <ClInclude Include="TriangleTest.h">
      <Filter>Header Files\TriangleExample</Filter>
    </ClInclude>
    <ClInclude Include="TestVS.h">
      <Filter>Header Files\TriangleExample</Filter>
    </ClInclude>
    <ClInclude Include="SphereTexture.h">
      <Filter>Header Files\SphereExample</Filter>
    </ClInclude>
    <ClInclude Include="SphereClass.h">
      <Filter>Header Files\SphereExample</Filter>
    </ClInclude>
  </ItemGroup>
  <ItemGroup>
    <None Include="Color.vs">
      <Filter>Shaders</Filter>
    </None>
    <None Include="Color.ps">
      <Filter>Shaders</Filter>
    </None>
    <None Include="Sphere.fx">
      <Filter>Shaders</Filter>
    </None>
  </ItemGroup>
</Project>